
Microsoft Visual Studio Solution File, Format Version 12.00
# Visual Studio Version 17
VisualStudioVersion = 17.3.32922.545
MinimumVisualStudioVersion = 10.0.40219.1
Project("{FAE04EC0-301F-11D3-BF4B-00C04F79EFBC}") = "Goldan_Maria-Valentina_lab1", "Goldan_Maria-Valentina_lab1.csproj", "{4A108045-E5B3-4D5E-A206-97172832B03F}"
EndProject
Global
	GlobalSection(SolutionConfigurationPlatforms) = preSolution
		Debug|Any CPU = Debug|Any CPU
		Release|Any CPU = Release|Any CPU
	EndGlobalSection
	GlobalSection(ProjectConfigurationPlatforms) = postSolution
		{4A108045-E5B3-4D5E-A206-97172832B03F}.Debug|Any CPU.ActiveCfg = Debug|Any CPU
		{4A108045-E5B3-4D5E-A206-97172832B03F}.Debug|Any CPU.Build.0 = Debug|Any CPU
		{4A108045-E5B3-4D5E-A206-97172832B03F}.Release|Any CPU.ActiveCfg = Release|Any CPU
		{4A108045-E5B3-4D5E-A206-97172832B03F}.Release|Any CPU.Build.0 = Release|Any CPU
	EndGlobalSection
	GlobalSection(SolutionProperties) = preSolution
		HideSolutionNode = FALSE
	EndGlobalSection
	GlobalSection(ExtensibilityGlobals) = postSolution
		SolutionGuid = {14EA28C1-5A98-497D-B1DE-8D0F00D34A74}
	EndGlobalSection
EndGlobal
